
Microsoft Visual Studio Solution File, Format Version 12.00
# Visual Studio Version 17
VisualStudioVersion = 17.12.35707.178
MinimumVisualStudioVersion = 10.0.40219.1
Project("{FAE04EC0-301F-11D3-BF4B-00C04F79EFBC}") = "Task1_1", "Task1_1\Task1_1.csproj", "{0C999D7E-8A86-45E7-888B-2859BEF8E10A}"
EndProject
Project("{FAE04EC0-301F-11D3-BF4B-00C04F79EFBC}") = "Task2_1", "Task2_1\Task2_1.csproj", "{8C743C58-98A2-4E14-8EB3-EB8DB3655E8D}"
EndProject
Project("{FAE04EC0-301F-11D3-BF4B-00C04F79EFBC}") = "Task2_2", "Task2_2\Task2_2.csproj", "{D66A75F5-A0ED-42F2-A59B-6DD9664CD49E}"
EndProject
Project("{FAE04EC0-301F-11D3-BF4B-00C04F79EFBC}") = "Task2_3", "Task2_3\Task2_3.csproj", "{493E784C-5CDE-43F0-AC01-96D39BFD0414}"
EndProject
Project("{2150E333-8FDC-42A3-9474-1A3956D46DE8}") = "HW_1.1", "HW_1.1", "{B3D5FC52-AB87-4C39-A52C-DD9CD383B3AB}"
EndProject
Project("{2150E333-8FDC-42A3-9474-1A3956D46DE8}") = "HW_1.2", "HW_1.2", "{9919B5A6-6882-4354-9C2A-2904A7B055EF}"
EndProject
Project("{FAE04EC0-301F-11D3-BF4B-00C04F79EFBC}") = "Task2_4", "Task2_4\Task2_4.csproj", "{904DC708-10D0-4192-AB1F-E4FB9DD1ADC4}"
EndProject
Project("{FAE04EC0-301F-11D3-BF4B-00C04F79EFBC}") = "Task2_5", "Task2_5\Task2_5.csproj", "{DAE81207-373C-43F3-834D-B32D7B2D54BD}"
EndProject
Project("{FAE04EC0-301F-11D3-BF4B-00C04F79EFBC}") = "Task2_6", "Task2_6\Task2_6.csproj", "{7954C82C-6CBD-4491-9B23-02D9C4582445}"
EndProject
Project("{FAE04EC0-301F-11D3-BF4B-00C04F79EFBC}") = "Task2_7", "Task2_7\Task2_7.csproj", "{E7840B51-1965-4729-83CC-E277AA73BCEA}"
EndProject
Project("{2150E333-8FDC-42A3-9474-1A3956D46DE8}") = "HW_1.3", "HW_1.3", "{BE799253-7CA9-4524-9E7C-1DCE4C73830D}"
EndProject
Project("{FAE04EC0-301F-11D3-BF4B-00C04F79EFBC}") = "Task3_1", "Task3_1\Task3_1.csproj", "{144106FC-D7F6-46FA-B70B-70CB22FDED37}"
EndProject
Project("{FAE04EC0-301F-11D3-BF4B-00C04F79EFBC}") = "Task3_2", "Task3_2\Task3_2.csproj", "{9DB52A76-B7D7-4A9B-B622-74475E8E00B9}"
EndProject
Project("{FAE04EC0-301F-11D3-BF4B-00C04F79EFBC}") = "Task3_3", "Task3_3\Task3_3.csproj", "{3AFCBD39-535F-41A6-B412-A0CE84CB091E}"
EndProject
Project("{FAE04EC0-301F-11D3-BF4B-00C04F79EFBC}") = "Task3_4", "Task3_4\Task3_4.csproj", "{22BBE140-42F7-414B-9FDE-82D8D41F62A2}"
EndProject
Project("{FAE04EC0-301F-11D3-BF4B-00C04F79EFBC}") = "Task3_5-9", "Task3_5-9\Task3_5-9.csproj", "{08A0E5DC-9CFB-43CF-A44D-56CF7E828608}"
EndProject
Project("{FAE04EC0-301F-11D3-BF4B-00C04F79EFBC}") = "Task3_10", "Task3_10\Task3_10.csproj", "{96367677-A657-4A01-BD7D-9741E98DA926}"
EndProject
Project("{FAE04EC0-301F-11D3-BF4B-00C04F79EFBC}") = "Task3_11", "Task3_11\Task3_11.csproj", "{8D023C73-0FDD-408F-A4B9-08CB3764E4C2}"
EndProject
Project("{FAE04EC0-301F-11D3-BF4B-00C04F79EFBC}") = "Task3_12", "Task3_12\Task3_12.csproj", "{232A3157-1545-49DE-8FB8-663A1B7DFB75}"
EndProject
Project("{2150E333-8FDC-42A3-9474-1A3956D46DE8}") = "HW_1.4", "HW_1.4", "{D27625C0-B327-4484-8ECB-2C17170B8A15}"
EndProject
Project("{FAE04EC0-301F-11D3-BF4B-00C04F79EFBC}") = "Task4_1", "Task4_1\Task4_1.csproj", "{D74C6EE3-D706-4B36-8406-C50EDF815976}"
EndProject
Project("{FAE04EC0-301F-11D3-BF4B-00C04F79EFBC}") = "Task4_2", "Task4_2\Task4_2.csproj", "{834B99BF-3147-4EBB-9AFE-894B05BB55F8}"
EndProject
Project("{FAE04EC0-301F-11D3-BF4B-00C04F79EFBC}") = "Task4_3", "Task4_3\Task4_3.csproj", "{5A5CE62B-3244-487C-98AA-C8511F0788EC}"
EndProject
Project("{FAE04EC0-301F-11D3-BF4B-00C04F79EFBC}") = "Task4_4", "Task4_4\Task4_4.csproj", "{4E79D384-30CA-4C72-B181-731A77C9D63A}"
EndProject
Project("{FAE04EC0-301F-11D3-BF4B-00C04F79EFBC}") = "Task4_5", "Task4_5\Task4_5.csproj", "{7DC89865-C7D6-448C-B74A-1C827EF496C9}"
EndProject
Project("{FAE04EC0-301F-11D3-BF4B-00C04F79EFBC}") = "Task4_6", "Task4_6\Task4_6.csproj", "{01F36D68-4C0F-4AE2-BD52-66652A2A4504}"
EndProject
Project("{FAE04EC0-301F-11D3-BF4B-00C04F79EFBC}") = "Task4_7", "Task4_7\Task4_7.csproj", "{C105AD16-8E0D-4326-92C3-7BEAD0485ADF}"
EndProject
Project("{2150E333-8FDC-42A3-9474-1A3956D46DE8}") = "HW_1.5", "HW_1.5", "{900EBC11-1BC6-44CC-84ED-93FBF742E20C}"
EndProject
Project("{FAE04EC0-301F-11D3-BF4B-00C04F79EFBC}") = "Task5_1", "Task5_1\Task5_1.csproj", "{F2B83AF5-FDD8-4A92-B981-F418E0D682FF}"
EndProject
Project("{FAE04EC0-301F-11D3-BF4B-00C04F79EFBC}") = "Task5_2", "Task5_2\Task5_2.csproj", "{75767647-81C2-4B3D-97F6-DBC747D4B7BB}"
EndProject
Project("{FAE04EC0-301F-11D3-BF4B-00C04F79EFBC}") = "Task5_3", "Task5_3\Task5_3.csproj", "{C9F2CD84-3CCD-499B-A32B-7441072DB2C2}"
EndProject
Project("{FAE04EC0-301F-11D3-BF4B-00C04F79EFBC}") = "Task5_4", "Task5_4\Task5_4.csproj", "{80E77B42-4F16-43C3-A57D-0B6CCB958E1C}"
EndProject
Project("{FAE04EC0-301F-11D3-BF4B-00C04F79EFBC}") = "Task5_5", "Task5_5\Task5_5.csproj", "{2F677FC3-7BFC-48C6-AF71-12FB411A2BE3}"
EndProject
Project("{FAE04EC0-301F-11D3-BF4B-00C04F79EFBC}") = "Task5_6", "Task5_6\Task5_6.csproj", "{28F0A7B8-CA6F-4845-9E47-058CF67EB3E8}"
EndProject
Project("{FAE04EC0-301F-11D3-BF4B-00C04F79EFBC}") = "Task5_7", "Task5_7\Task5_7.csproj", "{47027D3F-7448-458F-8930-7F1B8FD05348}"
EndProject
Project("{FAE04EC0-301F-11D3-BF4B-00C04F79EFBC}") = "Task5_8", "Task5_8\Task5_8.csproj", "{7155DC79-96ED-4ADD-B86A-1C47320CEB70}"
EndProject
Project("{2150E333-8FDC-42A3-9474-1A3956D46DE8}") = "HW_1.6", "HW_1.6", "{D62C87A5-A4EE-4DF2-AFBA-0C2A49385973}"
EndProject
Project("{2150E333-8FDC-42A3-9474-1A3956D46DE8}") = "HW_7", "HW_7", "{D4417010-48E4-42B8-B86A-A1AFEA3A2953}"
EndProject
Project("{FAE04EC0-301F-11D3-BF4B-00C04F79EFBC}") = "Task7_1", "Task7_1\Task7_1.csproj", "{A3FA55C0-E185-46DF-B85A-F939F84B3E2D}"
EndProject
Project("{FAE04EC0-301F-11D3-BF4B-00C04F79EFBC}") = "Task7_2", "Task7_2\Task7_2.csproj", "{38D88B0A-E7F5-439B-A69E-059C444E6164}"
EndProject
Project("{FAE04EC0-301F-11D3-BF4B-00C04F79EFBC}") = "Task7_3", "Task7_3\Task7_3.csproj", "{889363AA-3898-4058-9D20-0FF962628C7D}"
EndProject
Project("{FAE04EC0-301F-11D3-BF4B-00C04F79EFBC}") = "Task7_4", "Task7_4\Task7_4.csproj", "{C605F7B4-9A51-4B16-8F0F-7AE665ED227A}"
EndProject
Project("{FAE04EC0-301F-11D3-BF4B-00C04F79EFBC}") = "Task7_5", "Task7_5\Task7_5.csproj", "{8C3D7DA6-1A5E-4A02-9BF7-4D8FB39B4DEB}"
EndProject
Project("{2150E333-8FDC-42A3-9474-1A3956D46DE8}") = "HW_1.8", "HW_1.8", "{1A87CBE7-FDCB-4C11-AEB3-5B2FF41E6A06}"
EndProject
Project("{FAE04EC0-301F-11D3-BF4B-00C04F79EFBC}") = "Task8_1", "Task8_1\Task8_1.csproj", "{8FB0FBA3-F41A-46AF-AA49-1C0097035D3B}"
EndProject
Project("{2150E333-8FDC-42A3-9474-1A3956D46DE8}") = "HW_1.9", "HW_1.9", "{505C12BD-BEF1-4C2F-BA83-DCE8869675A6}"
EndProject
Project("{FAE04EC0-301F-11D3-BF4B-00C04F79EFBC}") = "Task9_1", "Task9_1\Task9_1.csproj", "{EF0F9E98-D898-4C12-8100-BFF36AD33B31}"
EndProject
Project("{FAE04EC0-301F-11D3-BF4B-00C04F79EFBC}") = "Task9_2", "Task9_2\Task9_2.csproj", "{53D7B1B5-D6C9-4475-8E53-CF3B1B9FC456}"
EndProject
Project("{FAE04EC0-301F-11D3-BF4B-00C04F79EFBC}") = "Task6_1", "Task6_1\Task6_1.csproj", "{DEA8C0BB-80A1-4221-8E45-A49F313912E1}"
EndProject
Project("{FAE04EC0-301F-11D3-BF4B-00C04F79EFBC}") = "Task6_2", "Task6_2\Task6_2.csproj", "{E83EC9C7-407C-46C8-BE05-FF93DE79A18E}"
EndProject
Project("{FAE04EC0-301F-11D3-BF4B-00C04F79EFBC}") = "Task6_3", "Task6_3\Task6_3.csproj", "{91D11B22-C7AE-4B92-AF9A-A582D4F73E1B}"
EndProject
Project("{FAE04EC0-301F-11D3-BF4B-00C04F79EFBC}") = "Task6_4", "Task6_4\Task6_4.csproj", "{0EC2AE06-322D-4A6D-A2D6-4E5AF5AE4433}"
EndProject
Project("{FAE04EC0-301F-11D3-BF4B-00C04F79EFBC}") = "Task6_5", "Task6_5\Task6_5.csproj", "{9B960013-C1FF-4F5B-AFDE-9054736D20D1}"
EndProject
Project("{FAE04EC0-301F-11D3-BF4B-00C04F79EFBC}") = "Task8_2", "Task8_2\Task8_2.csproj", "{64B739B3-052B-421D-BFDA-616EB57CB80A}"
EndProject
Project("{2150E333-8FDC-42A3-9474-1A3956D46DE8}") = "HW_1.10", "HW_1.10", "{0FD75060-C4C8-4FBA-9563-FD058AC6801F}"
EndProject
Project("{FAE04EC0-301F-11D3-BF4B-00C04F79EFBC}") = "Task10_1", "Task10_1\Task10_1.csproj", "{909F9BD2-ADD6-4027-8F9E-79D6808B2209}"
EndProject
Project("{2150E333-8FDC-42A3-9474-1A3956D46DE8}") = "HW_1.11", "HW_1.11", "{1D960529-62D9-461E-9835-FC542BBB8333}"
EndProject
Project("{FAE04EC0-301F-11D3-BF4B-00C04F79EFBC}") = "Task11_1", "Task11_1\Task11_1.csproj", "{8EB884C0-E83E-45E4-BAFF-4FADD77069B1}"
EndProject
Project("{FAE04EC0-301F-11D3-BF4B-00C04F79EFBC}") = "Task11_2", "Task11_2\Task11_2.csproj", "{019D57C8-7928-492F-BA4B-AE4A02AB40C2}"
EndProject
Project("{2150E333-8FDC-42A3-9474-1A3956D46DE8}") = "HW_1.12", "HW_1.12", "{D5553ACD-4727-4C52-BAFF-AA49FCCDBC94}"
EndProject
Project("{FAE04EC0-301F-11D3-BF4B-00C04F79EFBC}") = "Task12_1", "Task12_1\Task12_1.csproj", "{A8888F6A-B93D-455F-86CC-CBD2EE6E5982}"
EndProject
Project("{2150E333-8FDC-42A3-9474-1A3956D46DE8}") = "HW_1.14", "HW_1.14", "{8A351486-6EA7-49DC-B576-CB0D39BB73D2}"
EndProject
Project("{FAE04EC0-301F-11D3-BF4B-00C04F79EFBC}") = "Task14_1", "Task14_1\Task14_1.csproj", "{D0312C26-9DD6-4F5D-BB94-D3B69B175D6A}"
EndProject
Project("{FAE04EC0-301F-11D3-BF4B-00C04F79EFBC}") = "Task14_2", "Task14_2\Task14_2.csproj", "{C581BCAB-3C09-40C4-8D09-10B4A54CB0AC}"
EndProject
Project("{2150E333-8FDC-42A3-9474-1A3956D46DE8}") = "HW_1.15", "HW_1.15", "{BDFD5AE3-BEAB-433F-A0FA-8FE4D37C4BD5}"
EndProject
Project("{FAE04EC0-301F-11D3-BF4B-00C04F79EFBC}") = "Task15_1", "Task15_1\Task15_1.csproj", "{D244A765-7C78-4D4E-97A8-1405465A1278}"
EndProject
Project("{FAE04EC0-301F-11D3-BF4B-00C04F79EFBC}") = "Task15_2", "Task15_2\Task15_2.csproj", "{25EE934C-0B31-4ED8-BA1C-348D263F91D9}"
EndProject
Project("{FAE04EC0-301F-11D3-BF4B-00C04F79EFBC}") = "Task15_3", "Task15_3\Task15_3.csproj", "{C822CE3D-8025-4CF1-B456-1457AF518A19}"
EndProject
Project("{2150E333-8FDC-42A3-9474-1A3956D46DE8}") = "HW_1.16", "HW_1.16", "{F4408BAC-7C1D-40E3-AA7E-1B2190B3A9BB}"
EndProject
Project("{FAE04EC0-301F-11D3-BF4B-00C04F79EFBC}") = "Task16_1", "Task16_1\Task16_1.csproj", "{06D92527-5292-4C61-8ED1-45CC68468367}"
EndProject
Project("{2150E333-8FDC-42A3-9474-1A3956D46DE8}") = "HW_1.17", "HW_1.17", "{4828CBFB-7E37-41C1-BF01-A2EB19AF2C37}"
EndProject
Project("{FAE04EC0-301F-11D3-BF4B-00C04F79EFBC}") = "Task17_1", "Task17_1\Task17_1.csproj", "{65F7CEF8-645E-4946-86B0-0EB3AAC6CB61}"
EndProject
Project("{2150E333-8FDC-42A3-9474-1A3956D46DE8}") = "HW_2.1", "HW_2.1", "{7C426742-C15B-44BB-A3DA-F89E95A52CB1}"
EndProject
Project("{FAE04EC0-301F-11D3-BF4B-00C04F79EFBC}") = "Task2.1_1", "Task2.1_1\Task2.1_1.csproj", "{71DDEF60-96E3-494F-8D7F-7AD62123AD31}"
EndProject
Project("{FAE04EC0-301F-11D3-BF4B-00C04F79EFBC}") = "Task2.1_2", "Task2.1_2\Task2.1_2.csproj", "{861A1FC1-6249-405D-AB31-B965DDCBB104}"
EndProject
Project("{FAE04EC0-301F-11D3-BF4B-00C04F79EFBC}") = "Task2.1_3", "Task2.1_3\Task2.1_3.csproj", "{C4BC4E83-237F-482B-A438-E6A51F5BE30A}"
EndProject
Project("{2150E333-8FDC-42A3-9474-1A3956D46DE8}") = "HW_2.2", "HW_2.2", "{C0481367-29E7-4B69-9506-FDE2A0D37B68}"
EndProject
Project("{FAE04EC0-301F-11D3-BF4B-00C04F79EFBC}") = "Task2.2_1", "Task2.2_1\Task2.2_1.csproj", "{D9F9D425-B098-41A7-995A-F484A4297CD6}"
EndProject
Project("{2150E333-8FDC-42A3-9474-1A3956D46DE8}") = "HW_2.3", "HW_2.3", "{149FD177-3C93-4CC6-B428-CF2867D13F01}"
EndProject
Project("{FAE04EC0-301F-11D3-BF4B-00C04F79EFBC}") = "Task2.3_1", "Task2.3_1\Task2.3_1.csproj", "{C6F78DFF-A2F6-4020-8506-9A5C7F1FE01B}"
EndProject
Project("{2150E333-8FDC-42A3-9474-1A3956D46DE8}") = "HW2.4", "HW2.4", "{CFC06902-857A-49F4-9620-93A010C56220}"
EndProject
Project("{FAE04EC0-301F-11D3-BF4B-00C04F79EFBC}") = "Task2.4_1", "Task2.4_1\Task2.4_1.csproj", "{E1F91C2B-AC48-4A46-BA18-61E5EF06BE44}"
EndProject
Project("{2150E333-8FDC-42A3-9474-1A3956D46DE8}") = "HW2.5", "HW2.5", "{105B4A8D-7F7D-4B33-9940-D08D87348FCC}"
EndProject
Project("{FAE04EC0-301F-11D3-BF4B-00C04F79EFBC}") = "Task2.5_1", "Task2.5_1\Task2.5_1.csproj", "{374F2972-C408-485C-98AD-EEA530ADFCFC}"
EndProject
Project("{2150E333-8FDC-42A3-9474-1A3956D46DE8}") = "HW2.6", "HW2.6", "{E1AE5C0A-F5E0-4F25-93A8-CFC130E5881E}"
EndProject
Project("{FAE04EC0-301F-11D3-BF4B-00C04F79EFBC}") = "Task2.6_1", "Task2.6_1\Task2.6_1.csproj", "{894B6D10-9C01-431A-9A0B-D323C18B6AA9}"
EndProject
Project("{2150E333-8FDC-42A3-9474-1A3956D46DE8}") = "HW2.7", "HW2.7", "{6646CE21-7E63-4C57-9F7F-FD1C116F2372}"
EndProject
Project("{FAE04EC0-301F-11D3-BF4B-00C04F79EFBC}") = "Task2.7_1", "Task2.7_1\Task2.7_1.csproj", "{BAC707CA-51A5-445A-A440-9FF90734EE14}"
EndProject
Project("{2150E333-8FDC-42A3-9474-1A3956D46DE8}") = "HW2.8", "HW2.8", "{3F0BC8BD-A94B-4F62-95FA-C9D03B94E52D}"
EndProject
Project("{FAE04EC0-301F-11D3-BF4B-00C04F79EFBC}") = "Task2.8_1", "Task2.8_1\Task2.8_1.csproj", "{6EE39E37-16AB-447E-8BDD-49928EFC22EB}"
EndProject
Project("{2150E333-8FDC-42A3-9474-1A3956D46DE8}") = "HW2.9", "HW2.9", "{70848329-66FB-409B-A9AA-36550EDEEA05}"
EndProject
Project("{FAE04EC0-301F-11D3-BF4B-00C04F79EFBC}") = "Task2.9.1", "Task2.9.1\Task2.9.1.csproj", "{2FD0421B-C70A-4073-8265-DCFC558DDF61}"
EndProject
Project("{2150E333-8FDC-42A3-9474-1A3956D46DE8}") = "HW2.10", "HW2.10", "{0F747FB5-E663-44C0-A5BF-B9EC814FC15E}"
EndProject
Project("{FAE04EC0-301F-11D3-BF4B-00C04F79EFBC}") = "Task2.10_1", "Task2.10_1\Task2.10_1.csproj", "{D2BD9282-CBC9-4D52-9C03-EFC69B89EBED}"
EndProject
Project("{2150E333-8FDC-42A3-9474-1A3956D46DE8}") = "HW2.11", "HW2.11", "{0DE79B77-9932-4F6D-9246-F5863B8D5835}"
EndProject
Project("{FAE04EC0-301F-11D3-BF4B-00C04F79EFBC}") = "UserControlExample", "UserControlExample\UserControlExample.csproj", "{7C6FC57C-8909-4EC1-8BDA-8376010EDB56}"
EndProject
Global
	GlobalSection(SolutionConfigurationPlatforms) = preSolution
		Debug|Any CPU = Debug|Any CPU
		Release|Any CPU = Release|Any CPU
	EndGlobalSection
	GlobalSection(ProjectConfigurationPlatforms) = postSolution
		{0C999D7E-8A86-45E7-888B-2859BEF8E10A}.Debug|Any CPU.ActiveCfg = Debug|Any CPU
		{0C999D7E-8A86-45E7-888B-2859BEF8E10A}.Debug|Any CPU.Build.0 = Debug|Any CPU
		{0C999D7E-8A86-45E7-888B-2859BEF8E10A}.Release|Any CPU.ActiveCfg = Release|Any CPU
		{0C999D7E-8A86-45E7-888B-2859BEF8E10A}.Release|Any CPU.Build.0 = Release|Any CPU
		{8C743C58-98A2-4E14-8EB3-EB8DB3655E8D}.Debug|Any CPU.ActiveCfg = Debug|Any CPU
		{8C743C58-98A2-4E14-8EB3-EB8DB3655E8D}.Debug|Any CPU.Build.0 = Debug|Any CPU
		{8C743C58-98A2-4E14-8EB3-EB8DB3655E8D}.Release|Any CPU.ActiveCfg = Release|Any CPU
		{8C743C58-98A2-4E14-8EB3-EB8DB3655E8D}.Release|Any CPU.Build.0 = Release|Any CPU
		{D66A75F5-A0ED-42F2-A59B-6DD9664CD49E}.Debug|Any CPU.ActiveCfg = Debug|Any CPU
		{D66A75F5-A0ED-42F2-A59B-6DD9664CD49E}.Debug|Any CPU.Build.0 = Debug|Any CPU
		{D66A75F5-A0ED-42F2-A59B-6DD9664CD49E}.Release|Any CPU.ActiveCfg = Release|Any CPU
		{D66A75F5-A0ED-42F2-A59B-6DD9664CD49E}.Release|Any CPU.Build.0 = Release|Any CPU
		{493E784C-5CDE-43F0-AC01-96D39BFD0414}.Debug|Any CPU.ActiveCfg = Debug|Any CPU
		{493E784C-5CDE-43F0-AC01-96D39BFD0414}.Debug|Any CPU.Build.0 = Debug|Any CPU
		{493E784C-5CDE-43F0-AC01-96D39BFD0414}.Release|Any CPU.ActiveCfg = Release|Any CPU
		{493E784C-5CDE-43F0-AC01-96D39BFD0414}.Release|Any CPU.Build.0 = Release|Any CPU
		{904DC708-10D0-4192-AB1F-E4FB9DD1ADC4}.Debug|Any CPU.ActiveCfg = Debug|Any CPU
		{904DC708-10D0-4192-AB1F-E4FB9DD1ADC4}.Debug|Any CPU.Build.0 = Debug|Any CPU
		{904DC708-10D0-4192-AB1F-E4FB9DD1ADC4}.Release|Any CPU.ActiveCfg = Release|Any CPU
		{904DC708-10D0-4192-AB1F-E4FB9DD1ADC4}.Release|Any CPU.Build.0 = Release|Any CPU
		{DAE81207-373C-43F3-834D-B32D7B2D54BD}.Debug|Any CPU.ActiveCfg = Debug|Any CPU
		{DAE81207-373C-43F3-834D-B32D7B2D54BD}.Debug|Any CPU.Build.0 = Debug|Any CPU
		{DAE81207-373C-43F3-834D-B32D7B2D54BD}.Release|Any CPU.ActiveCfg = Release|Any CPU
		{DAE81207-373C-43F3-834D-B32D7B2D54BD}.Release|Any CPU.Build.0 = Release|Any CPU
		{7954C82C-6CBD-4491-9B23-02D9C4582445}.Debug|Any CPU.ActiveCfg = Debug|Any CPU
		{7954C82C-6CBD-4491-9B23-02D9C4582445}.Debug|Any CPU.Build.0 = Debug|Any CPU
		{7954C82C-6CBD-4491-9B23-02D9C4582445}.Release|Any CPU.ActiveCfg = Release|Any CPU
		{7954C82C-6CBD-4491-9B23-02D9C4582445}.Release|Any CPU.Build.0 = Release|Any CPU
		{E7840B51-1965-4729-83CC-E277AA73BCEA}.Debug|Any CPU.ActiveCfg = Debug|Any CPU
		{E7840B51-1965-4729-83CC-E277AA73BCEA}.Debug|Any CPU.Build.0 = Debug|Any CPU
		{E7840B51-1965-4729-83CC-E277AA73BCEA}.Release|Any CPU.ActiveCfg = Release|Any CPU
		{E7840B51-1965-4729-83CC-E277AA73BCEA}.Release|Any CPU.Build.0 = Release|Any CPU
		{144106FC-D7F6-46FA-B70B-70CB22FDED37}.Debug|Any CPU.ActiveCfg = Debug|Any CPU
		{144106FC-D7F6-46FA-B70B-70CB22FDED37}.Debug|Any CPU.Build.0 = Debug|Any CPU
		{144106FC-D7F6-46FA-B70B-70CB22FDED37}.Release|Any CPU.ActiveCfg = Release|Any CPU
		{144106FC-D7F6-46FA-B70B-70CB22FDED37}.Release|Any CPU.Build.0 = Release|Any CPU
		{9DB52A76-B7D7-4A9B-B622-74475E8E00B9}.Debug|Any CPU.ActiveCfg = Debug|Any CPU
		{9DB52A76-B7D7-4A9B-B622-74475E8E00B9}.Debug|Any CPU.Build.0 = Debug|Any CPU
		{9DB52A76-B7D7-4A9B-B622-74475E8E00B9}.Release|Any CPU.ActiveCfg = Release|Any CPU
		{9DB52A76-B7D7-4A9B-B622-74475E8E00B9}.Release|Any CPU.Build.0 = Release|Any CPU
		{3AFCBD39-535F-41A6-B412-A0CE84CB091E}.Debug|Any CPU.ActiveCfg = Debug|Any CPU
		{3AFCBD39-535F-41A6-B412-A0CE84CB091E}.Debug|Any CPU.Build.0 = Debug|Any CPU
		{3AFCBD39-535F-41A6-B412-A0CE84CB091E}.Release|Any CPU.ActiveCfg = Release|Any CPU
		{3AFCBD39-535F-41A6-B412-A0CE84CB091E}.Release|Any CPU.Build.0 = Release|Any CPU
		{22BBE140-42F7-414B-9FDE-82D8D41F62A2}.Debug|Any CPU.ActiveCfg = Debug|Any CPU
		{22BBE140-42F7-414B-9FDE-82D8D41F62A2}.Debug|Any CPU.Build.0 = Debug|Any CPU
		{22BBE140-42F7-414B-9FDE-82D8D41F62A2}.Release|Any CPU.ActiveCfg = Release|Any CPU
		{22BBE140-42F7-414B-9FDE-82D8D41F62A2}.Release|Any CPU.Build.0 = Release|Any CPU
		{08A0E5DC-9CFB-43CF-A44D-56CF7E828608}.Debug|Any CPU.ActiveCfg = Debug|Any CPU
		{08A0E5DC-9CFB-43CF-A44D-56CF7E828608}.Debug|Any CPU.Build.0 = Debug|Any CPU
		{08A0E5DC-9CFB-43CF-A44D-56CF7E828608}.Release|Any CPU.ActiveCfg = Release|Any CPU
		{08A0E5DC-9CFB-43CF-A44D-56CF7E828608}.Release|Any CPU.Build.0 = Release|Any CPU
		{96367677-A657-4A01-BD7D-9741E98DA926}.Debug|Any CPU.ActiveCfg = Debug|Any CPU
		{96367677-A657-4A01-BD7D-9741E98DA926}.Debug|Any CPU.Build.0 = Debug|Any CPU
		{96367677-A657-4A01-BD7D-9741E98DA926}.Release|Any CPU.ActiveCfg = Release|Any CPU
		{96367677-A657-4A01-BD7D-9741E98DA926}.Release|Any CPU.Build.0 = Release|Any CPU
		{8D023C73-0FDD-408F-A4B9-08CB3764E4C2}.Debug|Any CPU.ActiveCfg = Debug|Any CPU
		{8D023C73-0FDD-408F-A4B9-08CB3764E4C2}.Debug|Any CPU.Build.0 = Debug|Any CPU
		{8D023C73-0FDD-408F-A4B9-08CB3764E4C2}.Release|Any CPU.ActiveCfg = Release|Any CPU
		{8D023C73-0FDD-408F-A4B9-08CB3764E4C2}.Release|Any CPU.Build.0 = Release|Any CPU
		{232A3157-1545-49DE-8FB8-663A1B7DFB75}.Debug|Any CPU.ActiveCfg = Debug|Any CPU
		{232A3157-1545-49DE-8FB8-663A1B7DFB75}.Debug|Any CPU.Build.0 = Debug|Any CPU
		{232A3157-1545-49DE-8FB8-663A1B7DFB75}.Release|Any CPU.ActiveCfg = Release|Any CPU
		{232A3157-1545-49DE-8FB8-663A1B7DFB75}.Release|Any CPU.Build.0 = Release|Any CPU
		{D74C6EE3-D706-4B36-8406-C50EDF815976}.Debug|Any CPU.ActiveCfg = Debug|Any CPU
		{D74C6EE3-D706-4B36-8406-C50EDF815976}.Debug|Any CPU.Build.0 = Debug|Any CPU
		{D74C6EE3-D706-4B36-8406-C50EDF815976}.Release|Any CPU.ActiveCfg = Release|Any CPU
		{D74C6EE3-D706-4B36-8406-C50EDF815976}.Release|Any CPU.Build.0 = Release|Any CPU
		{834B99BF-3147-4EBB-9AFE-894B05BB55F8}.Debug|Any CPU.ActiveCfg = Debug|Any CPU
		{834B99BF-3147-4EBB-9AFE-894B05BB55F8}.Debug|Any CPU.Build.0 = Debug|Any CPU
		{834B99BF-3147-4EBB-9AFE-894B05BB55F8}.Release|Any CPU.ActiveCfg = Release|Any CPU
		{834B99BF-3147-4EBB-9AFE-894B05BB55F8}.Release|Any CPU.Build.0 = Release|Any CPU
		{5A5CE62B-3244-487C-98AA-C8511F0788EC}.Debug|Any CPU.ActiveCfg = Debug|Any CPU
		{5A5CE62B-3244-487C-98AA-C8511F0788EC}.Debug|Any CPU.Build.0 = Debug|Any CPU
		{5A5CE62B-3244-487C-98AA-C8511F0788EC}.Release|Any CPU.ActiveCfg = Release|Any CPU
		{5A5CE62B-3244-487C-98AA-C8511F0788EC}.Release|Any CPU.Build.0 = Release|Any CPU
		{4E79D384-30CA-4C72-B181-731A77C9D63A}.Debug|Any CPU.ActiveCfg = Debug|Any CPU
		{4E79D384-30CA-4C72-B181-731A77C9D63A}.Debug|Any CPU.Build.0 = Debug|Any CPU
		{4E79D384-30CA-4C72-B181-731A77C9D63A}.Release|Any CPU.ActiveCfg = Release|Any CPU
		{4E79D384-30CA-4C72-B181-731A77C9D63A}.Release|Any CPU.Build.0 = Release|Any CPU
		{7DC89865-C7D6-448C-B74A-1C827EF496C9}.Debug|Any CPU.ActiveCfg = Debug|Any CPU
		{7DC89865-C7D6-448C-B74A-1C827EF496C9}.Debug|Any CPU.Build.0 = Debug|Any CPU
		{7DC89865-C7D6-448C-B74A-1C827EF496C9}.Release|Any CPU.ActiveCfg = Release|Any CPU
		{7DC89865-C7D6-448C-B74A-1C827EF496C9}.Release|Any CPU.Build.0 = Release|Any CPU
		{01F36D68-4C0F-4AE2-BD52-66652A2A4504}.Debug|Any CPU.ActiveCfg = Debug|Any CPU
		{01F36D68-4C0F-4AE2-BD52-66652A2A4504}.Debug|Any CPU.Build.0 = Debug|Any CPU
		{01F36D68-4C0F-4AE2-BD52-66652A2A4504}.Release|Any CPU.ActiveCfg = Release|Any CPU
		{01F36D68-4C0F-4AE2-BD52-66652A2A4504}.Release|Any CPU.Build.0 = Release|Any CPU
		{C105AD16-8E0D-4326-92C3-7BEAD0485ADF}.Debug|Any CPU.ActiveCfg = Debug|Any CPU
		{C105AD16-8E0D-4326-92C3-7BEAD0485ADF}.Debug|Any CPU.Build.0 = Debug|Any CPU
		{C105AD16-8E0D-4326-92C3-7BEAD0485ADF}.Release|Any CPU.ActiveCfg = Release|Any CPU
		{C105AD16-8E0D-4326-92C3-7BEAD0485ADF}.Release|Any CPU.Build.0 = Release|Any CPU
		{F2B83AF5-FDD8-4A92-B981-F418E0D682FF}.Debug|Any CPU.ActiveCfg = Debug|Any CPU
		{F2B83AF5-FDD8-4A92-B981-F418E0D682FF}.Debug|Any CPU.Build.0 = Debug|Any CPU
		{F2B83AF5-FDD8-4A92-B981-F418E0D682FF}.Release|Any CPU.ActiveCfg = Release|Any CPU
		{F2B83AF5-FDD8-4A92-B981-F418E0D682FF}.Release|Any CPU.Build.0 = Release|Any CPU
		{75767647-81C2-4B3D-97F6-DBC747D4B7BB}.Debug|Any CPU.ActiveCfg = Debug|Any CPU
		{75767647-81C2-4B3D-97F6-DBC747D4B7BB}.Debug|Any CPU.Build.0 = Debug|Any CPU
		{75767647-81C2-4B3D-97F6-DBC747D4B7BB}.Release|Any CPU.ActiveCfg = Release|Any CPU
		{75767647-81C2-4B3D-97F6-DBC747D4B7BB}.Release|Any CPU.Build.0 = Release|Any CPU
		{C9F2CD84-3CCD-499B-A32B-7441072DB2C2}.Debug|Any CPU.ActiveCfg = Debug|Any CPU
		{C9F2CD84-3CCD-499B-A32B-7441072DB2C2}.Debug|Any CPU.Build.0 = Debug|Any CPU
		{C9F2CD84-3CCD-499B-A32B-7441072DB2C2}.Release|Any CPU.ActiveCfg = Release|Any CPU
		{C9F2CD84-3CCD-499B-A32B-7441072DB2C2}.Release|Any CPU.Build.0 = Release|Any CPU
		{80E77B42-4F16-43C3-A57D-0B6CCB958E1C}.Debug|Any CPU.ActiveCfg = Debug|Any CPU
		{80E77B42-4F16-43C3-A57D-0B6CCB958E1C}.Debug|Any CPU.Build.0 = Debug|Any CPU
		{80E77B42-4F16-43C3-A57D-0B6CCB958E1C}.Release|Any CPU.ActiveCfg = Release|Any CPU
		{80E77B42-4F16-43C3-A57D-0B6CCB958E1C}.Release|Any CPU.Build.0 = Release|Any CPU
		{2F677FC3-7BFC-48C6-AF71-12FB411A2BE3}.Debug|Any CPU.ActiveCfg = Debug|Any CPU
		{2F677FC3-7BFC-48C6-AF71-12FB411A2BE3}.Debug|Any CPU.Build.0 = Debug|Any CPU
		{2F677FC3-7BFC-48C6-AF71-12FB411A2BE3}.Release|Any CPU.ActiveCfg = Release|Any CPU
		{2F677FC3-7BFC-48C6-AF71-12FB411A2BE3}.Release|Any CPU.Build.0 = Release|Any CPU
		{28F0A7B8-CA6F-4845-9E47-058CF67EB3E8}.Debug|Any CPU.ActiveCfg = Debug|Any CPU
		{28F0A7B8-CA6F-4845-9E47-058CF67EB3E8}.Debug|Any CPU.Build.0 = Debug|Any CPU
		{28F0A7B8-CA6F-4845-9E47-058CF67EB3E8}.Release|Any CPU.ActiveCfg = Release|Any CPU
		{28F0A7B8-CA6F-4845-9E47-058CF67EB3E8}.Release|Any CPU.Build.0 = Release|Any CPU
		{47027D3F-7448-458F-8930-7F1B8FD05348}.Debug|Any CPU.ActiveCfg = Debug|Any CPU
		{47027D3F-7448-458F-8930-7F1B8FD05348}.Debug|Any CPU.Build.0 = Debug|Any CPU
		{47027D3F-7448-458F-8930-7F1B8FD05348}.Release|Any CPU.ActiveCfg = Release|Any CPU
		{47027D3F-7448-458F-8930-7F1B8FD05348}.Release|Any CPU.Build.0 = Release|Any CPU
		{7155DC79-96ED-4ADD-B86A-1C47320CEB70}.Debug|Any CPU.ActiveCfg = Debug|Any CPU
		{7155DC79-96ED-4ADD-B86A-1C47320CEB70}.Debug|Any CPU.Build.0 = Debug|Any CPU
		{7155DC79-96ED-4ADD-B86A-1C47320CEB70}.Release|Any CPU.ActiveCfg = Release|Any CPU
		{7155DC79-96ED-4ADD-B86A-1C47320CEB70}.Release|Any CPU.Build.0 = Release|Any CPU
		{A3FA55C0-E185-46DF-B85A-F939F84B3E2D}.Debug|Any CPU.ActiveCfg = Debug|Any CPU
		{A3FA55C0-E185-46DF-B85A-F939F84B3E2D}.Debug|Any CPU.Build.0 = Debug|Any CPU
		{A3FA55C0-E185-46DF-B85A-F939F84B3E2D}.Release|Any CPU.ActiveCfg = Release|Any CPU
		{A3FA55C0-E185-46DF-B85A-F939F84B3E2D}.Release|Any CPU.Build.0 = Release|Any CPU
		{38D88B0A-E7F5-439B-A69E-059C444E6164}.Debug|Any CPU.ActiveCfg = Debug|Any CPU
		{38D88B0A-E7F5-439B-A69E-059C444E6164}.Debug|Any CPU.Build.0 = Debug|Any CPU
		{38D88B0A-E7F5-439B-A69E-059C444E6164}.Release|Any CPU.ActiveCfg = Release|Any CPU
		{38D88B0A-E7F5-439B-A69E-059C444E6164}.Release|Any CPU.Build.0 = Release|Any CPU
		{889363AA-3898-4058-9D20-0FF962628C7D}.Debug|Any CPU.ActiveCfg = Debug|Any CPU
		{889363AA-3898-4058-9D20-0FF962628C7D}.Debug|Any CPU.Build.0 = Debug|Any CPU
		{889363AA-3898-4058-9D20-0FF962628C7D}.Release|Any CPU.ActiveCfg = Release|Any CPU
		{889363AA-3898-4058-9D20-0FF962628C7D}.Release|Any CPU.Build.0 = Release|Any CPU
		{C605F7B4-9A51-4B16-8F0F-7AE665ED227A}.Debug|Any CPU.ActiveCfg = Debug|Any CPU
		{C605F7B4-9A51-4B16-8F0F-7AE665ED227A}.Debug|Any CPU.Build.0 = Debug|Any CPU
		{C605F7B4-9A51-4B16-8F0F-7AE665ED227A}.Release|Any CPU.ActiveCfg = Release|Any CPU
		{C605F7B4-9A51-4B16-8F0F-7AE665ED227A}.Release|Any CPU.Build.0 = Release|Any CPU
		{8C3D7DA6-1A5E-4A02-9BF7-4D8FB39B4DEB}.Debug|Any CPU.ActiveCfg = Debug|Any CPU
		{8C3D7DA6-1A5E-4A02-9BF7-4D8FB39B4DEB}.Debug|Any CPU.Build.0 = Debug|Any CPU
		{8C3D7DA6-1A5E-4A02-9BF7-4D8FB39B4DEB}.Release|Any CPU.ActiveCfg = Release|Any CPU
		{8C3D7DA6-1A5E-4A02-9BF7-4D8FB39B4DEB}.Release|Any CPU.Build.0 = Release|Any CPU
		{8FB0FBA3-F41A-46AF-AA49-1C0097035D3B}.Debug|Any CPU.ActiveCfg = Debug|Any CPU
		{8FB0FBA3-F41A-46AF-AA49-1C0097035D3B}.Debug|Any CPU.Build.0 = Debug|Any CPU
		{8FB0FBA3-F41A-46AF-AA49-1C0097035D3B}.Release|Any CPU.ActiveCfg = Release|Any CPU
		{8FB0FBA3-F41A-46AF-AA49-1C0097035D3B}.Release|Any CPU.Build.0 = Release|Any CPU
		{EF0F9E98-D898-4C12-8100-BFF36AD33B31}.Debug|Any CPU.ActiveCfg = Debug|Any CPU
		{EF0F9E98-D898-4C12-8100-BFF36AD33B31}.Debug|Any CPU.Build.0 = Debug|Any CPU
		{EF0F9E98-D898-4C12-8100-BFF36AD33B31}.Release|Any CPU.ActiveCfg = Release|Any CPU
		{EF0F9E98-D898-4C12-8100-BFF36AD33B31}.Release|Any CPU.Build.0 = Release|Any CPU
		{53D7B1B5-D6C9-4475-8E53-CF3B1B9FC456}.Debug|Any CPU.ActiveCfg = Debug|Any CPU
		{53D7B1B5-D6C9-4475-8E53-CF3B1B9FC456}.Debug|Any CPU.Build.0 = Debug|Any CPU
		{53D7B1B5-D6C9-4475-8E53-CF3B1B9FC456}.Release|Any CPU.ActiveCfg = Release|Any CPU
		{53D7B1B5-D6C9-4475-8E53-CF3B1B9FC456}.Release|Any CPU.Build.0 = Release|Any CPU
		{DEA8C0BB-80A1-4221-8E45-A49F313912E1}.Debug|Any CPU.ActiveCfg = Debug|Any CPU
		{DEA8C0BB-80A1-4221-8E45-A49F313912E1}.Debug|Any CPU.Build.0 = Debug|Any CPU
		{DEA8C0BB-80A1-4221-8E45-A49F313912E1}.Release|Any CPU.ActiveCfg = Release|Any CPU
		{DEA8C0BB-80A1-4221-8E45-A49F313912E1}.Release|Any CPU.Build.0 = Release|Any CPU
		{E83EC9C7-407C-46C8-BE05-FF93DE79A18E}.Debug|Any CPU.ActiveCfg = Debug|Any CPU
		{E83EC9C7-407C-46C8-BE05-FF93DE79A18E}.Debug|Any CPU.Build.0 = Debug|Any CPU
		{E83EC9C7-407C-46C8-BE05-FF93DE79A18E}.Release|Any CPU.ActiveCfg = Release|Any CPU
		{E83EC9C7-407C-46C8-BE05-FF93DE79A18E}.Release|Any CPU.Build.0 = Release|Any CPU
		{91D11B22-C7AE-4B92-AF9A-A582D4F73E1B}.Debug|Any CPU.ActiveCfg = Debug|Any CPU
		{91D11B22-C7AE-4B92-AF9A-A582D4F73E1B}.Debug|Any CPU.Build.0 = Debug|Any CPU
		{91D11B22-C7AE-4B92-AF9A-A582D4F73E1B}.Release|Any CPU.ActiveCfg = Release|Any CPU
		{91D11B22-C7AE-4B92-AF9A-A582D4F73E1B}.Release|Any CPU.Build.0 = Release|Any CPU
		{0EC2AE06-322D-4A6D-A2D6-4E5AF5AE4433}.Debug|Any CPU.ActiveCfg = Debug|Any CPU
		{0EC2AE06-322D-4A6D-A2D6-4E5AF5AE4433}.Debug|Any CPU.Build.0 = Debug|Any CPU
		{0EC2AE06-322D-4A6D-A2D6-4E5AF5AE4433}.Release|Any CPU.ActiveCfg = Release|Any CPU
		{0EC2AE06-322D-4A6D-A2D6-4E5AF5AE4433}.Release|Any CPU.Build.0 = Release|Any CPU
		{9B960013-C1FF-4F5B-AFDE-9054736D20D1}.Debug|Any CPU.ActiveCfg = Debug|Any CPU
		{9B960013-C1FF-4F5B-AFDE-9054736D20D1}.Debug|Any CPU.Build.0 = Debug|Any CPU
		{9B960013-C1FF-4F5B-AFDE-9054736D20D1}.Release|Any CPU.ActiveCfg = Release|Any CPU
		{9B960013-C1FF-4F5B-AFDE-9054736D20D1}.Release|Any CPU.Build.0 = Release|Any CPU
		{64B739B3-052B-421D-BFDA-616EB57CB80A}.Debug|Any CPU.ActiveCfg = Debug|Any CPU
		{64B739B3-052B-421D-BFDA-616EB57CB80A}.Debug|Any CPU.Build.0 = Debug|Any CPU
		{64B739B3-052B-421D-BFDA-616EB57CB80A}.Release|Any CPU.ActiveCfg = Release|Any CPU
		{64B739B3-052B-421D-BFDA-616EB57CB80A}.Release|Any CPU.Build.0 = Release|Any CPU
		{909F9BD2-ADD6-4027-8F9E-79D6808B2209}.Debug|Any CPU.ActiveCfg = Debug|Any CPU
		{909F9BD2-ADD6-4027-8F9E-79D6808B2209}.Debug|Any CPU.Build.0 = Debug|Any CPU
		{909F9BD2-ADD6-4027-8F9E-79D6808B2209}.Release|Any CPU.ActiveCfg = Release|Any CPU
		{909F9BD2-ADD6-4027-8F9E-79D6808B2209}.Release|Any CPU.Build.0 = Release|Any CPU
		{8EB884C0-E83E-45E4-BAFF-4FADD77069B1}.Debug|Any CPU.ActiveCfg = Debug|Any CPU
		{8EB884C0-E83E-45E4-BAFF-4FADD77069B1}.Debug|Any CPU.Build.0 = Debug|Any CPU
		{8EB884C0-E83E-45E4-BAFF-4FADD77069B1}.Release|Any CPU.ActiveCfg = Release|Any CPU
		{8EB884C0-E83E-45E4-BAFF-4FADD77069B1}.Release|Any CPU.Build.0 = Release|Any CPU
		{019D57C8-7928-492F-BA4B-AE4A02AB40C2}.Debug|Any CPU.ActiveCfg = Debug|Any CPU
		{019D57C8-7928-492F-BA4B-AE4A02AB40C2}.Debug|Any CPU.Build.0 = Debug|Any CPU
		{019D57C8-7928-492F-BA4B-AE4A02AB40C2}.Release|Any CPU.ActiveCfg = Release|Any CPU
		{019D57C8-7928-492F-BA4B-AE4A02AB40C2}.Release|Any CPU.Build.0 = Release|Any CPU
		{A8888F6A-B93D-455F-86CC-CBD2EE6E5982}.Debug|Any CPU.ActiveCfg = Debug|Any CPU
		{A8888F6A-B93D-455F-86CC-CBD2EE6E5982}.Debug|Any CPU.Build.0 = Debug|Any CPU
		{A8888F6A-B93D-455F-86CC-CBD2EE6E5982}.Release|Any CPU.ActiveCfg = Release|Any CPU
		{A8888F6A-B93D-455F-86CC-CBD2EE6E5982}.Release|Any CPU.Build.0 = Release|Any CPU
		{D0312C26-9DD6-4F5D-BB94-D3B69B175D6A}.Debug|Any CPU.ActiveCfg = Debug|Any CPU
		{D0312C26-9DD6-4F5D-BB94-D3B69B175D6A}.Debug|Any CPU.Build.0 = Debug|Any CPU
		{D0312C26-9DD6-4F5D-BB94-D3B69B175D6A}.Release|Any CPU.ActiveCfg = Release|Any CPU
		{D0312C26-9DD6-4F5D-BB94-D3B69B175D6A}.Release|Any CPU.Build.0 = Release|Any CPU
		{C581BCAB-3C09-40C4-8D09-10B4A54CB0AC}.Debug|Any CPU.ActiveCfg = Debug|Any CPU
		{C581BCAB-3C09-40C4-8D09-10B4A54CB0AC}.Debug|Any CPU.Build.0 = Debug|Any CPU
		{C581BCAB-3C09-40C4-8D09-10B4A54CB0AC}.Release|Any CPU.ActiveCfg = Release|Any CPU
		{C581BCAB-3C09-40C4-8D09-10B4A54CB0AC}.Release|Any CPU.Build.0 = Release|Any CPU
		{D244A765-7C78-4D4E-97A8-1405465A1278}.Debug|Any CPU.ActiveCfg = Debug|Any CPU
		{D244A765-7C78-4D4E-97A8-1405465A1278}.Debug|Any CPU.Build.0 = Debug|Any CPU
		{D244A765-7C78-4D4E-97A8-1405465A1278}.Release|Any CPU.ActiveCfg = Release|Any CPU
		{D244A765-7C78-4D4E-97A8-1405465A1278}.Release|Any CPU.Build.0 = Release|Any CPU
		{25EE934C-0B31-4ED8-BA1C-348D263F91D9}.Debug|Any CPU.ActiveCfg = Debug|Any CPU
		{25EE934C-0B31-4ED8-BA1C-348D263F91D9}.Debug|Any CPU.Build.0 = Debug|Any CPU
		{25EE934C-0B31-4ED8-BA1C-348D263F91D9}.Release|Any CPU.ActiveCfg = Release|Any CPU
		{25EE934C-0B31-4ED8-BA1C-348D263F91D9}.Release|Any CPU.Build.0 = Release|Any CPU
		{C822CE3D-8025-4CF1-B456-1457AF518A19}.Debug|Any CPU.ActiveCfg = Debug|Any CPU
		{C822CE3D-8025-4CF1-B456-1457AF518A19}.Debug|Any CPU.Build.0 = Debug|Any CPU
		{C822CE3D-8025-4CF1-B456-1457AF518A19}.Release|Any CPU.ActiveCfg = Release|Any CPU
		{C822CE3D-8025-4CF1-B456-1457AF518A19}.Release|Any CPU.Build.0 = Release|Any CPU
		{06D92527-5292-4C61-8ED1-45CC68468367}.Debug|Any CPU.ActiveCfg = Debug|Any CPU
		{06D92527-5292-4C61-8ED1-45CC68468367}.Debug|Any CPU.Build.0 = Debug|Any CPU
		{06D92527-5292-4C61-8ED1-45CC68468367}.Release|Any CPU.ActiveCfg = Release|Any CPU
		{06D92527-5292-4C61-8ED1-45CC68468367}.Release|Any CPU.Build.0 = Release|Any CPU
		{65F7CEF8-645E-4946-86B0-0EB3AAC6CB61}.Debug|Any CPU.ActiveCfg = Debug|Any CPU
		{65F7CEF8-645E-4946-86B0-0EB3AAC6CB61}.Debug|Any CPU.Build.0 = Debug|Any CPU
		{65F7CEF8-645E-4946-86B0-0EB3AAC6CB61}.Release|Any CPU.ActiveCfg = Release|Any CPU
		{65F7CEF8-645E-4946-86B0-0EB3AAC6CB61}.Release|Any CPU.Build.0 = Release|Any CPU
		{71DDEF60-96E3-494F-8D7F-7AD62123AD31}.Debug|Any CPU.ActiveCfg = Debug|Any CPU
		{71DDEF60-96E3-494F-8D7F-7AD62123AD31}.Debug|Any CPU.Build.0 = Debug|Any CPU
		{71DDEF60-96E3-494F-8D7F-7AD62123AD31}.Release|Any CPU.ActiveCfg = Release|Any CPU
		{71DDEF60-96E3-494F-8D7F-7AD62123AD31}.Release|Any CPU.Build.0 = Release|Any CPU
		{861A1FC1-6249-405D-AB31-B965DDCBB104}.Debug|Any CPU.ActiveCfg = Debug|Any CPU
		{861A1FC1-6249-405D-AB31-B965DDCBB104}.Debug|Any CPU.Build.0 = Debug|Any CPU
		{861A1FC1-6249-405D-AB31-B965DDCBB104}.Release|Any CPU.ActiveCfg = Release|Any CPU
		{861A1FC1-6249-405D-AB31-B965DDCBB104}.Release|Any CPU.Build.0 = Release|Any CPU
		{C4BC4E83-237F-482B-A438-E6A51F5BE30A}.Debug|Any CPU.ActiveCfg = Debug|Any CPU
		{C4BC4E83-237F-482B-A438-E6A51F5BE30A}.Debug|Any CPU.Build.0 = Debug|Any CPU
		{C4BC4E83-237F-482B-A438-E6A51F5BE30A}.Release|Any CPU.ActiveCfg = Release|Any CPU
		{C4BC4E83-237F-482B-A438-E6A51F5BE30A}.Release|Any CPU.Build.0 = Release|Any CPU
		{D9F9D425-B098-41A7-995A-F484A4297CD6}.Debug|Any CPU.ActiveCfg = Debug|Any CPU
		{D9F9D425-B098-41A7-995A-F484A4297CD6}.Debug|Any CPU.Build.0 = Debug|Any CPU
		{D9F9D425-B098-41A7-995A-F484A4297CD6}.Release|Any CPU.ActiveCfg = Release|Any CPU
		{D9F9D425-B098-41A7-995A-F484A4297CD6}.Release|Any CPU.Build.0 = Release|Any CPU
		{C6F78DFF-A2F6-4020-8506-9A5C7F1FE01B}.Debug|Any CPU.ActiveCfg = Debug|Any CPU
		{C6F78DFF-A2F6-4020-8506-9A5C7F1FE01B}.Debug|Any CPU.Build.0 = Debug|Any CPU
		{C6F78DFF-A2F6-4020-8506-9A5C7F1FE01B}.Release|Any CPU.ActiveCfg = Release|Any CPU
		{C6F78DFF-A2F6-4020-8506-9A5C7F1FE01B}.Release|Any CPU.Build.0 = Release|Any CPU
		{E1F91C2B-AC48-4A46-BA18-61E5EF06BE44}.Debug|Any CPU.ActiveCfg = Debug|Any CPU
		{E1F91C2B-AC48-4A46-BA18-61E5EF06BE44}.Debug|Any CPU.Build.0 = Debug|Any CPU
		{E1F91C2B-AC48-4A46-BA18-61E5EF06BE44}.Release|Any CPU.ActiveCfg = Release|Any CPU
		{E1F91C2B-AC48-4A46-BA18-61E5EF06BE44}.Release|Any CPU.Build.0 = Release|Any CPU
		{374F2972-C408-485C-98AD-EEA530ADFCFC}.Debug|Any CPU.ActiveCfg = Debug|Any CPU
		{374F2972-C408-485C-98AD-EEA530ADFCFC}.Debug|Any CPU.Build.0 = Debug|Any CPU
		{374F2972-C408-485C-98AD-EEA530ADFCFC}.Release|Any CPU.ActiveCfg = Release|Any CPU
		{374F2972-C408-485C-98AD-EEA530ADFCFC}.Release|Any CPU.Build.0 = Release|Any CPU
		{894B6D10-9C01-431A-9A0B-D323C18B6AA9}.Debug|Any CPU.ActiveCfg = Debug|Any CPU
		{894B6D10-9C01-431A-9A0B-D323C18B6AA9}.Debug|Any CPU.Build.0 = Debug|Any CPU
		{894B6D10-9C01-431A-9A0B-D323C18B6AA9}.Release|Any CPU.ActiveCfg = Release|Any CPU
		{894B6D10-9C01-431A-9A0B-D323C18B6AA9}.Release|Any CPU.Build.0 = Release|Any CPU
		{BAC707CA-51A5-445A-A440-9FF90734EE14}.Debug|Any CPU.ActiveCfg = Debug|Any CPU
		{BAC707CA-51A5-445A-A440-9FF90734EE14}.Debug|Any CPU.Build.0 = Debug|Any CPU
		{BAC707CA-51A5-445A-A440-9FF90734EE14}.Release|Any CPU.ActiveCfg = Release|Any CPU
		{BAC707CA-51A5-445A-A440-9FF90734EE14}.Release|Any CPU.Build.0 = Release|Any CPU
		{6EE39E37-16AB-447E-8BDD-49928EFC22EB}.Debug|Any CPU.ActiveCfg = Debug|Any CPU
		{6EE39E37-16AB-447E-8BDD-49928EFC22EB}.Debug|Any CPU.Build.0 = Debug|Any CPU
		{6EE39E37-16AB-447E-8BDD-49928EFC22EB}.Release|Any CPU.ActiveCfg = Release|Any CPU
		{6EE39E37-16AB-447E-8BDD-49928EFC22EB}.Release|Any CPU.Build.0 = Release|Any CPU
		{2FD0421B-C70A-4073-8265-DCFC558DDF61}.Debug|Any CPU.ActiveCfg = Debug|Any CPU
		{2FD0421B-C70A-4073-8265-DCFC558DDF61}.Debug|Any CPU.Build.0 = Debug|Any CPU
		{2FD0421B-C70A-4073-8265-DCFC558DDF61}.Release|Any CPU.ActiveCfg = Release|Any CPU
		{2FD0421B-C70A-4073-8265-DCFC558DDF61}.Release|Any CPU.Build.0 = Release|Any CPU
		{D2BD9282-CBC9-4D52-9C03-EFC69B89EBED}.Debug|Any CPU.ActiveCfg = Debug|Any CPU
		{D2BD9282-CBC9-4D52-9C03-EFC69B89EBED}.Debug|Any CPU.Build.0 = Debug|Any CPU
		{D2BD9282-CBC9-4D52-9C03-EFC69B89EBED}.Release|Any CPU.ActiveCfg = Release|Any CPU
		{D2BD9282-CBC9-4D52-9C03-EFC69B89EBED}.Release|Any CPU.Build.0 = Release|Any CPU
		{7C6FC57C-8909-4EC1-8BDA-8376010EDB56}.Debug|Any CPU.ActiveCfg = Debug|Any CPU
		{7C6FC57C-8909-4EC1-8BDA-8376010EDB56}.Debug|Any CPU.Build.0 = Debug|Any CPU
		{7C6FC57C-8909-4EC1-8BDA-8376010EDB56}.Release|Any CPU.ActiveCfg = Release|Any CPU
		{7C6FC57C-8909-4EC1-8BDA-8376010EDB56}.Release|Any CPU.Build.0 = Release|Any CPU
	EndGlobalSection
	GlobalSection(SolutionProperties) = preSolution
		HideSolutionNode = FALSE
	EndGlobalSection
	GlobalSection(NestedProjects) = preSolution
		{0C999D7E-8A86-45E7-888B-2859BEF8E10A} = {B3D5FC52-AB87-4C39-A52C-DD9CD383B3AB}
		{8C743C58-98A2-4E14-8EB3-EB8DB3655E8D} = {9919B5A6-6882-4354-9C2A-2904A7B055EF}
		{D66A75F5-A0ED-42F2-A59B-6DD9664CD49E} = {9919B5A6-6882-4354-9C2A-2904A7B055EF}
		{493E784C-5CDE-43F0-AC01-96D39BFD0414} = {9919B5A6-6882-4354-9C2A-2904A7B055EF}
		{904DC708-10D0-4192-AB1F-E4FB9DD1ADC4} = {9919B5A6-6882-4354-9C2A-2904A7B055EF}
		{DAE81207-373C-43F3-834D-B32D7B2D54BD} = {9919B5A6-6882-4354-9C2A-2904A7B055EF}
		{7954C82C-6CBD-4491-9B23-02D9C4582445} = {9919B5A6-6882-4354-9C2A-2904A7B055EF}
		{E7840B51-1965-4729-83CC-E277AA73BCEA} = {9919B5A6-6882-4354-9C2A-2904A7B055EF}
		{144106FC-D7F6-46FA-B70B-70CB22FDED37} = {BE799253-7CA9-4524-9E7C-1DCE4C73830D}
		{9DB52A76-B7D7-4A9B-B622-74475E8E00B9} = {BE799253-7CA9-4524-9E7C-1DCE4C73830D}
		{3AFCBD39-535F-41A6-B412-A0CE84CB091E} = {BE799253-7CA9-4524-9E7C-1DCE4C73830D}
		{22BBE140-42F7-414B-9FDE-82D8D41F62A2} = {BE799253-7CA9-4524-9E7C-1DCE4C73830D}
		{08A0E5DC-9CFB-43CF-A44D-56CF7E828608} = {BE799253-7CA9-4524-9E7C-1DCE4C73830D}
		{96367677-A657-4A01-BD7D-9741E98DA926} = {BE799253-7CA9-4524-9E7C-1DCE4C73830D}
		{8D023C73-0FDD-408F-A4B9-08CB3764E4C2} = {BE799253-7CA9-4524-9E7C-1DCE4C73830D}
		{232A3157-1545-49DE-8FB8-663A1B7DFB75} = {BE799253-7CA9-4524-9E7C-1DCE4C73830D}
		{D74C6EE3-D706-4B36-8406-C50EDF815976} = {D27625C0-B327-4484-8ECB-2C17170B8A15}
		{834B99BF-3147-4EBB-9AFE-894B05BB55F8} = {D27625C0-B327-4484-8ECB-2C17170B8A15}
		{5A5CE62B-3244-487C-98AA-C8511F0788EC} = {D27625C0-B327-4484-8ECB-2C17170B8A15}
		{4E79D384-30CA-4C72-B181-731A77C9D63A} = {D27625C0-B327-4484-8ECB-2C17170B8A15}
		{7DC89865-C7D6-448C-B74A-1C827EF496C9} = {D27625C0-B327-4484-8ECB-2C17170B8A15}
		{01F36D68-4C0F-4AE2-BD52-66652A2A4504} = {D27625C0-B327-4484-8ECB-2C17170B8A15}
		{C105AD16-8E0D-4326-92C3-7BEAD0485ADF} = {D27625C0-B327-4484-8ECB-2C17170B8A15}
		{F2B83AF5-FDD8-4A92-B981-F418E0D682FF} = {900EBC11-1BC6-44CC-84ED-93FBF742E20C}
		{75767647-81C2-4B3D-97F6-DBC747D4B7BB} = {900EBC11-1BC6-44CC-84ED-93FBF742E20C}
		{C9F2CD84-3CCD-499B-A32B-7441072DB2C2} = {900EBC11-1BC6-44CC-84ED-93FBF742E20C}
		{80E77B42-4F16-43C3-A57D-0B6CCB958E1C} = {900EBC11-1BC6-44CC-84ED-93FBF742E20C}
		{2F677FC3-7BFC-48C6-AF71-12FB411A2BE3} = {900EBC11-1BC6-44CC-84ED-93FBF742E20C}
		{28F0A7B8-CA6F-4845-9E47-058CF67EB3E8} = {900EBC11-1BC6-44CC-84ED-93FBF742E20C}
		{47027D3F-7448-458F-8930-7F1B8FD05348} = {900EBC11-1BC6-44CC-84ED-93FBF742E20C}
		{7155DC79-96ED-4ADD-B86A-1C47320CEB70} = {900EBC11-1BC6-44CC-84ED-93FBF742E20C}
		{D4417010-48E4-42B8-B86A-A1AFEA3A2953} = {D62C87A5-A4EE-4DF2-AFBA-0C2A49385973}
		{A3FA55C0-E185-46DF-B85A-F939F84B3E2D} = {D4417010-48E4-42B8-B86A-A1AFEA3A2953}
		{38D88B0A-E7F5-439B-A69E-059C444E6164} = {D4417010-48E4-42B8-B86A-A1AFEA3A2953}
		{889363AA-3898-4058-9D20-0FF962628C7D} = {D4417010-48E4-42B8-B86A-A1AFEA3A2953}
		{C605F7B4-9A51-4B16-8F0F-7AE665ED227A} = {D4417010-48E4-42B8-B86A-A1AFEA3A2953}
		{8C3D7DA6-1A5E-4A02-9BF7-4D8FB39B4DEB} = {D4417010-48E4-42B8-B86A-A1AFEA3A2953}
		{8FB0FBA3-F41A-46AF-AA49-1C0097035D3B} = {1A87CBE7-FDCB-4C11-AEB3-5B2FF41E6A06}
		{EF0F9E98-D898-4C12-8100-BFF36AD33B31} = {505C12BD-BEF1-4C2F-BA83-DCE8869675A6}
		{53D7B1B5-D6C9-4475-8E53-CF3B1B9FC456} = {505C12BD-BEF1-4C2F-BA83-DCE8869675A6}
		{DEA8C0BB-80A1-4221-8E45-A49F313912E1} = {D62C87A5-A4EE-4DF2-AFBA-0C2A49385973}
		{E83EC9C7-407C-46C8-BE05-FF93DE79A18E} = {D62C87A5-A4EE-4DF2-AFBA-0C2A49385973}
		{91D11B22-C7AE-4B92-AF9A-A582D4F73E1B} = {D62C87A5-A4EE-4DF2-AFBA-0C2A49385973}
		{0EC2AE06-322D-4A6D-A2D6-4E5AF5AE4433} = {D62C87A5-A4EE-4DF2-AFBA-0C2A49385973}
		{9B960013-C1FF-4F5B-AFDE-9054736D20D1} = {D62C87A5-A4EE-4DF2-AFBA-0C2A49385973}
		{64B739B3-052B-421D-BFDA-616EB57CB80A} = {1A87CBE7-FDCB-4C11-AEB3-5B2FF41E6A06}
		{909F9BD2-ADD6-4027-8F9E-79D6808B2209} = {0FD75060-C4C8-4FBA-9563-FD058AC6801F}
		{8EB884C0-E83E-45E4-BAFF-4FADD77069B1} = {1D960529-62D9-461E-9835-FC542BBB8333}
		{019D57C8-7928-492F-BA4B-AE4A02AB40C2} = {1D960529-62D9-461E-9835-FC542BBB8333}
		{A8888F6A-B93D-455F-86CC-CBD2EE6E5982} = {D5553ACD-4727-4C52-BAFF-AA49FCCDBC94}
		{D0312C26-9DD6-4F5D-BB94-D3B69B175D6A} = {8A351486-6EA7-49DC-B576-CB0D39BB73D2}
		{C581BCAB-3C09-40C4-8D09-10B4A54CB0AC} = {8A351486-6EA7-49DC-B576-CB0D39BB73D2}
		{D244A765-7C78-4D4E-97A8-1405465A1278} = {BDFD5AE3-BEAB-433F-A0FA-8FE4D37C4BD5}
		{25EE934C-0B31-4ED8-BA1C-348D263F91D9} = {BDFD5AE3-BEAB-433F-A0FA-8FE4D37C4BD5}
		{C822CE3D-8025-4CF1-B456-1457AF518A19} = {BDFD5AE3-BEAB-433F-A0FA-8FE4D37C4BD5}
		{06D92527-5292-4C61-8ED1-45CC68468367} = {F4408BAC-7C1D-40E3-AA7E-1B2190B3A9BB}
		{65F7CEF8-645E-4946-86B0-0EB3AAC6CB61} = {4828CBFB-7E37-41C1-BF01-A2EB19AF2C37}
		{71DDEF60-96E3-494F-8D7F-7AD62123AD31} = {7C426742-C15B-44BB-A3DA-F89E95A52CB1}
		{861A1FC1-6249-405D-AB31-B965DDCBB104} = {7C426742-C15B-44BB-A3DA-F89E95A52CB1}
		{C4BC4E83-237F-482B-A438-E6A51F5BE30A} = {7C426742-C15B-44BB-A3DA-F89E95A52CB1}
		{D9F9D425-B098-41A7-995A-F484A4297CD6} = {C0481367-29E7-4B69-9506-FDE2A0D37B68}
		{C6F78DFF-A2F6-4020-8506-9A5C7F1FE01B} = {149FD177-3C93-4CC6-B428-CF2867D13F01}
		{E1F91C2B-AC48-4A46-BA18-61E5EF06BE44} = {CFC06902-857A-49F4-9620-93A010C56220}
		{374F2972-C408-485C-98AD-EEA530ADFCFC} = {105B4A8D-7F7D-4B33-9940-D08D87348FCC}
		{894B6D10-9C01-431A-9A0B-D323C18B6AA9} = {E1AE5C0A-F5E0-4F25-93A8-CFC130E5881E}
		{BAC707CA-51A5-445A-A440-9FF90734EE14} = {6646CE21-7E63-4C57-9F7F-FD1C116F2372}
		{6EE39E37-16AB-447E-8BDD-49928EFC22EB} = {3F0BC8BD-A94B-4F62-95FA-C9D03B94E52D}
		{2FD0421B-C70A-4073-8265-DCFC558DDF61} = {70848329-66FB-409B-A9AA-36550EDEEA05}
		{D2BD9282-CBC9-4D52-9C03-EFC69B89EBED} = {0F747FB5-E663-44C0-A5BF-B9EC814FC15E}
		{7C6FC57C-8909-4EC1-8BDA-8376010EDB56} = {0DE79B77-9932-4F6D-9246-F5863B8D5835}
	EndGlobalSection
EndGlobal
